
Microsoft Visual Studio Solution File, Format Version 12.00
# Visual Studio Version 16
VisualStudioVersion = 16.0.29102.190
MinimumVisualStudioVersion = 10.0.40219.1
Project("{FAE04EC0-301F-11D3-BF4B-00C04F79EFBC}") = "Task1_Sydney_Naylor_19013037", "Task1_Sydney_Naylor_19013037\Task1_Sydney_Naylor_19013037.csproj", "{192DFEF1-2181-422E-B136-D3CCBE46BD88}"
EndProject
Global
	GlobalSection(SolutionConfigurationPlatforms) = preSolution
		Debug|Any CPU = Debug|Any CPU
		Release|Any CPU = Release|Any CPU
	EndGlobalSection
	GlobalSection(ProjectConfigurationPlatforms) = postSolution
		{192DFEF1-2181-422E-B136-D3CCBE46BD88}.Debug|Any CPU.ActiveCfg = Debug|Any CPU
		{192DFEF1-2181-422E-B136-D3CCBE46BD88}.Debug|Any CPU.Build.0 = Debug|Any CPU
		{192DFEF1-2181-422E-B136-D3CCBE46BD88}.Release|Any CPU.ActiveCfg = Release|Any CPU
		{192DFEF1-2181-422E-B136-D3CCBE46BD88}.Release|Any CPU.Build.0 = Release|Any CPU
	EndGlobalSection
	GlobalSection(SolutionProperties) = preSolution
		HideSolutionNode = FALSE
	EndGlobalSection
	GlobalSection(ExtensibilityGlobals) = postSolution
		SolutionGuid = {8553A8D7-683D-41CF-93B3-FD258ECD44C7}
	EndGlobalSection
EndGlobal
